
Microsoft Visual Studio Solution File, Format Version 12.00
Project("{FAE04EC0-301F-11D3-BF4B-00C04F79EFBC}") = "ClipVesselClient", "ClipVessel.Client\src\ClipVesselClient.csproj", "{D4AC4313-D6D2-43AB-9144-394C7BFE39DC}"
EndProject
Global
	GlobalSection(SolutionConfigurationPlatforms) = preSolution
		Debug|Any CPU = Debug|Any CPU
		Release|Any CPU = Release|Any CPU
	EndGlobalSection
	GlobalSection(ProjectConfigurationPlatforms) = postSolution
		{D4AC4313-D6D2-43AB-9144-394C7BFE39DC}.Debug|Any CPU.ActiveCfg = Debug|Any CPU
		{D4AC4313-D6D2-43AB-9144-394C7BFE39DC}.Debug|Any CPU.Build.0 = Debug|Any CPU
		{D4AC4313-D6D2-43AB-9144-394C7BFE39DC}.Release|Any CPU.ActiveCfg = Release|Any CPU
		{D4AC4313-D6D2-43AB-9144-394C7BFE39DC}.Release|Any CPU.Build.0 = Release|Any CPU
	EndGlobalSection
EndGlobal
